
Microsoft Visual Studio Solution File, Format Version 12.00
# Visual Studio Version 16
VisualStudioVersion = 16.0.30907.101
MinimumVisualStudioVersion = 10.0.40219.1
Project("{9A19103F-16F7-4668-BE54-9A1E7A4F7556}") = "Task1", "Task_1\Task1.csproj", "{D88C1FBD-55C3-4860-BBC4-97FDA49AF709}"
EndProject
Project("{9A19103F-16F7-4668-BE54-9A1E7A4F7556}") = "Task2", "Task_2\Task2.csproj", "{1039C2A6-CF0B-488C-AAFF-835FA91EC18B}"
EndProject
Project("{9A19103F-16F7-4668-BE54-9A1E7A4F7556}") = "Task3", "Task_3\Task3.csproj", "{779BFED8-08E2-494F-BA43-7715FEBEDE07}"
EndProject
Global
	GlobalSection(SolutionConfigurationPlatforms) = preSolution
		Debug|Any CPU = Debug|Any CPU
		Release|Any CPU = Release|Any CPU
	EndGlobalSection
	GlobalSection(ProjectConfigurationPlatforms) = postSolution
		{D88C1FBD-55C3-4860-BBC4-97FDA49AF709}.Debug|Any CPU.ActiveCfg = Debug|Any CPU
		{D88C1FBD-55C3-4860-BBC4-97FDA49AF709}.Debug|Any CPU.Build.0 = Debug|Any CPU
		{D88C1FBD-55C3-4860-BBC4-97FDA49AF709}.Release|Any CPU.ActiveCfg = Release|Any CPU
		{D88C1FBD-55C3-4860-BBC4-97FDA49AF709}.Release|Any CPU.Build.0 = Release|Any CPU
		{1039C2A6-CF0B-488C-AAFF-835FA91EC18B}.Debug|Any CPU.ActiveCfg = Debug|Any CPU
		{1039C2A6-CF0B-488C-AAFF-835FA91EC18B}.Debug|Any CPU.Build.0 = Debug|Any CPU
		{1039C2A6-CF0B-488C-AAFF-835FA91EC18B}.Release|Any CPU.ActiveCfg = Release|Any CPU
		{1039C2A6-CF0B-488C-AAFF-835FA91EC18B}.Release|Any CPU.Build.0 = Release|Any CPU
		{779BFED8-08E2-494F-BA43-7715FEBEDE07}.Debug|Any CPU.ActiveCfg = Debug|Any CPU
		{779BFED8-08E2-494F-BA43-7715FEBEDE07}.Debug|Any CPU.Build.0 = Debug|Any CPU
		{779BFED8-08E2-494F-BA43-7715FEBEDE07}.Release|Any CPU.ActiveCfg = Release|Any CPU
		{779BFED8-08E2-494F-BA43-7715FEBEDE07}.Release|Any CPU.Build.0 = Release|Any CPU
	EndGlobalSection
	GlobalSection(SolutionProperties) = preSolution
		HideSolutionNode = FALSE
	EndGlobalSection
	GlobalSection(ExtensibilityGlobals) = postSolution
		SolutionGuid = {3B9BF57E-165E-4049-84A9-0349DDB36163}
	EndGlobalSection
EndGlobal
